
Microsoft Visual Studio Solution File, Format Version 12.00
# Visual Studio Version 17
VisualStudioVersion = 17.11.35222.181
MinimumVisualStudioVersion = 10.0.40219.1
Project("{FAE04EC0-301F-11D3-BF4B-00C04F79EFBC}") = "fordonguleri", "fordonguleri\fordonguleri.csproj", "{00AB3A25-6677-4811-ADB7-80291249B42C}"
EndProject
Global
	GlobalSection(SolutionConfigurationPlatforms) = preSolution
		Debug|Any CPU = Debug|Any CPU
		Release|Any CPU = Release|Any CPU
	EndGlobalSection
	GlobalSection(ProjectConfigurationPlatforms) = postSolution
		{00AB3A25-6677-4811-ADB7-80291249B42C}.Debug|Any CPU.ActiveCfg = Debug|Any CPU
		{00AB3A25-6677-4811-ADB7-80291249B42C}.Debug|Any CPU.Build.0 = Debug|Any CPU
		{00AB3A25-6677-4811-ADB7-80291249B42C}.Release|Any CPU.ActiveCfg = Release|Any CPU
		{00AB3A25-6677-4811-ADB7-80291249B42C}.Release|Any CPU.Build.0 = Release|Any CPU
	EndGlobalSection
	GlobalSection(SolutionProperties) = preSolution
		HideSolutionNode = FALSE
	EndGlobalSection
	GlobalSection(ExtensibilityGlobals) = postSolution
		SolutionGuid = {64413544-9683-4BAC-8EDD-7BF70B2F24EC}
	EndGlobalSection
EndGlobal
